
Microsoft Visual Studio Solution File, Format Version 12.00
# Visual Studio Version 16
VisualStudioVersion = 16.0.29613.14
MinimumVisualStudioVersion = 10.0.40219.1
Project("{FAE04EC0-301F-11D3-BF4B-00C04F79EFBC}") = "SelfAnki", "SelfAnki\SelfAnki.csproj", "{DABCC37E-108A-427B-946F-41A35B7CDBBF}"
EndProject
Global
	GlobalSection(SolutionConfigurationPlatforms) = preSolution
		Debug|Any CPU = Debug|Any CPU
		Release|Any CPU = Release|Any CPU
	EndGlobalSection
	GlobalSection(ProjectConfigurationPlatforms) = postSolution
		{DABCC37E-108A-427B-946F-41A35B7CDBBF}.Debug|Any CPU.ActiveCfg = Debug|Any CPU
		{DABCC37E-108A-427B-946F-41A35B7CDBBF}.Debug|Any CPU.Build.0 = Debug|Any CPU
		{DABCC37E-108A-427B-946F-41A35B7CDBBF}.Release|Any CPU.ActiveCfg = Release|Any CPU
		{DABCC37E-108A-427B-946F-41A35B7CDBBF}.Release|Any CPU.Build.0 = Release|Any CPU
	EndGlobalSection
	GlobalSection(SolutionProperties) = preSolution
		HideSolutionNode = FALSE
	EndGlobalSection
	GlobalSection(ExtensibilityGlobals) = postSolution
		SolutionGuid = {A37BEEF2-9510-4324-B998-2C1BF883CB65}
	EndGlobalSection
EndGlobal
